
Microsoft Visual Studio Solution File, Format Version 12.00
# Visual Studio Version 16
VisualStudioVersion = 16.0.31402.337
MinimumVisualStudioVersion = 10.0.40219.1
Project("{9A19103F-16F7-4668-BE54-9A1E7A4F7556}") = "DotNet_Dojo.Api", "DotNet_Dojo.Api\DotNet_Dojo.Api.csproj", "{C0A799FB-8ACD-4498-B0E4-436763CC58CE}"
EndProject
Project("{FAE04EC0-301F-11D3-BF4B-00C04F79EFBC}") = "DotNet_Dojo.Command", "DotNet_Dojo.Command\DotNet_Dojo.Command.csproj", "{39E80F97-A92A-4207-8BEB-53FA99D7A8A3}"
EndProject
Project("{FAE04EC0-301F-11D3-BF4B-00C04F79EFBC}") = "DotNet_Dojo.Application", "DotNet_Dojo.Application\DotNet_Dojo.Application.csproj", "{E97E5C68-8525-4948-8E21-B2DBC2158CC1}"
EndProject
Project("{FAE04EC0-301F-11D3-BF4B-00C04F79EFBC}") = "DotNet_Dojo.Domain", "DotNet_Dojo.Domain\DotNet_Dojo.Domain.csproj", "{15B078FE-4716-4319-A370-92E6C42239F2}"
EndProject
Global
	GlobalSection(SolutionConfigurationPlatforms) = preSolution
		Debug|Any CPU = Debug|Any CPU
		Release|Any CPU = Release|Any CPU
	EndGlobalSection
	GlobalSection(ProjectConfigurationPlatforms) = postSolution
		{C0A799FB-8ACD-4498-B0E4-436763CC58CE}.Debug|Any CPU.ActiveCfg = Debug|Any CPU
		{C0A799FB-8ACD-4498-B0E4-436763CC58CE}.Debug|Any CPU.Build.0 = Debug|Any CPU
		{C0A799FB-8ACD-4498-B0E4-436763CC58CE}.Release|Any CPU.ActiveCfg = Release|Any CPU
		{C0A799FB-8ACD-4498-B0E4-436763CC58CE}.Release|Any CPU.Build.0 = Release|Any CPU
		{39E80F97-A92A-4207-8BEB-53FA99D7A8A3}.Debug|Any CPU.ActiveCfg = Debug|Any CPU
		{39E80F97-A92A-4207-8BEB-53FA99D7A8A3}.Debug|Any CPU.Build.0 = Debug|Any CPU
		{39E80F97-A92A-4207-8BEB-53FA99D7A8A3}.Release|Any CPU.ActiveCfg = Release|Any CPU
		{39E80F97-A92A-4207-8BEB-53FA99D7A8A3}.Release|Any CPU.Build.0 = Release|Any CPU
		{E97E5C68-8525-4948-8E21-B2DBC2158CC1}.Debug|Any CPU.ActiveCfg = Debug|Any CPU
		{E97E5C68-8525-4948-8E21-B2DBC2158CC1}.Debug|Any CPU.Build.0 = Debug|Any CPU
		{E97E5C68-8525-4948-8E21-B2DBC2158CC1}.Release|Any CPU.ActiveCfg = Release|Any CPU
		{E97E5C68-8525-4948-8E21-B2DBC2158CC1}.Release|Any CPU.Build.0 = Release|Any CPU
		{15B078FE-4716-4319-A370-92E6C42239F2}.Debug|Any CPU.ActiveCfg = Debug|Any CPU
		{15B078FE-4716-4319-A370-92E6C42239F2}.Debug|Any CPU.Build.0 = Debug|Any CPU
		{15B078FE-4716-4319-A370-92E6C42239F2}.Release|Any CPU.ActiveCfg = Release|Any CPU
		{15B078FE-4716-4319-A370-92E6C42239F2}.Release|Any CPU.Build.0 = Release|Any CPU
	EndGlobalSection
	GlobalSection(SolutionProperties) = preSolution
		HideSolutionNode = FALSE
	EndGlobalSection
	GlobalSection(ExtensibilityGlobals) = postSolution
		SolutionGuid = {6A9F5706-88EE-4A96-9202-2D10AA546FDD}
	EndGlobalSection
EndGlobal
